
Microsoft Visual Studio Solution File, Format Version 12.00
# Visual Studio Version 17
VisualStudioVersion = 17.0.31903.59
MinimumVisualStudioVersion = 10.0.40219.1
Project("{FAE04EC0-301F-11D3-BF4B-00C04F79EFBC}") = "Infrastructure", "Infrastructure\Infrastructure.csproj", "{91FEA831-E0DA-4029-B086-2F332A159837}"
EndProject
Project("{FAE04EC0-301F-11D3-BF4B-00C04F79EFBC}") = "MainApp", "MainApp\MainApp.csproj", "{F6E7B9F6-A43B-4CB1-908D-85BE39749D9F}"
EndProject
Global
	GlobalSection(SolutionConfigurationPlatforms) = preSolution
		Debug|Any CPU = Debug|Any CPU
		Release|Any CPU = Release|Any CPU
	EndGlobalSection
	GlobalSection(SolutionProperties) = preSolution
		HideSolutionNode = FALSE
	EndGlobalSection
	GlobalSection(ProjectConfigurationPlatforms) = postSolution
		{91FEA831-E0DA-4029-B086-2F332A159837}.Debug|Any CPU.ActiveCfg = Debug|Any CPU
		{91FEA831-E0DA-4029-B086-2F332A159837}.Debug|Any CPU.Build.0 = Debug|Any CPU
		{91FEA831-E0DA-4029-B086-2F332A159837}.Release|Any CPU.ActiveCfg = Release|Any CPU
		{91FEA831-E0DA-4029-B086-2F332A159837}.Release|Any CPU.Build.0 = Release|Any CPU
		{F6E7B9F6-A43B-4CB1-908D-85BE39749D9F}.Debug|Any CPU.ActiveCfg = Debug|Any CPU
		{F6E7B9F6-A43B-4CB1-908D-85BE39749D9F}.Debug|Any CPU.Build.0 = Debug|Any CPU
		{F6E7B9F6-A43B-4CB1-908D-85BE39749D9F}.Release|Any CPU.ActiveCfg = Release|Any CPU
		{F6E7B9F6-A43B-4CB1-908D-85BE39749D9F}.Release|Any CPU.Build.0 = Release|Any CPU
	EndGlobalSection
EndGlobal
